
Microsoft Visual Studio Solution File, Format Version 12.00
# Visual Studio 15
VisualStudioVersion = 15.0.26124.0
MinimumVisualStudioVersion = 15.0.26124.0
Project("{FAE04EC0-301F-11D3-BF4B-00C04F79EFBC}") = "WPFApplicationInsights", "src\WPFApplicationInsights\WPFApplicationInsights.csproj", "{915313C8-7B2D-4857-BC29-250D6674A014}"
EndProject
Global
	GlobalSection(SolutionConfigurationPlatforms) = preSolution
		Debug|Any CPU = Debug|Any CPU
		Debug|x64 = Debug|x64
		Debug|x86 = Debug|x86
		Release|Any CPU = Release|Any CPU
		Release|x64 = Release|x64
		Release|x86 = Release|x86
	EndGlobalSection
	GlobalSection(ProjectConfigurationPlatforms) = postSolution
		{915313C8-7B2D-4857-BC29-250D6674A014}.Debug|Any CPU.ActiveCfg = Debug|Any CPU
		{915313C8-7B2D-4857-BC29-250D6674A014}.Debug|Any CPU.Build.0 = Debug|Any CPU
		{915313C8-7B2D-4857-BC29-250D6674A014}.Debug|x64.ActiveCfg = Debug|Any CPU
		{915313C8-7B2D-4857-BC29-250D6674A014}.Debug|x64.Build.0 = Debug|Any CPU
		{915313C8-7B2D-4857-BC29-250D6674A014}.Debug|x86.ActiveCfg = Debug|Any CPU
		{915313C8-7B2D-4857-BC29-250D6674A014}.Debug|x86.Build.0 = Debug|Any CPU
		{915313C8-7B2D-4857-BC29-250D6674A014}.Release|Any CPU.ActiveCfg = Release|Any CPU
		{915313C8-7B2D-4857-BC29-250D6674A014}.Release|Any CPU.Build.0 = Release|Any CPU
		{915313C8-7B2D-4857-BC29-250D6674A014}.Release|x64.ActiveCfg = Release|Any CPU
		{915313C8-7B2D-4857-BC29-250D6674A014}.Release|x64.Build.0 = Release|Any CPU
		{915313C8-7B2D-4857-BC29-250D6674A014}.Release|x86.ActiveCfg = Release|Any CPU
		{915313C8-7B2D-4857-BC29-250D6674A014}.Release|x86.Build.0 = Release|Any CPU
	EndGlobalSection
	GlobalSection(SolutionProperties) = preSolution
		HideSolutionNode = FALSE
	EndGlobalSection
	GlobalSection(ExtensibilityGlobals) = postSolution
		SolutionGuid = {3E8B18D7-21D5-41AC-980C-4E3C546AA032}
	EndGlobalSection
EndGlobal
